// !$*UTF8*$!
{
	archiveVersion = 1;
	classes = {
	};
	objectVersion = 55;
	objects = {

/* Begin PBXBuildFile section */
		1F34411628E6D778006E32AD /* AppDelegate.swift in Sources */ = {isa = PBXBuildFile; fileRef = 1F34411528E6D778006E32AD /* AppDelegate.swift */; };
		1F34411828E6D778006E32AD /* SceneDelegate.swift in Sources */ = {isa = PBXBuildFile; fileRef = 1F34411728E6D778006E32AD /* SceneDelegate.swift */; };
		1F34411A28E6D778006E32AD /* ViewController.swift in Sources */ = {isa = PBXBuildFile; fileRef = 1F34411928E6D778006E32AD /* ViewController.swift */; };
		1F34411D28E6D778006E32AD /* Main.storyboard in Resources */ = {isa = PBXBuildFile; fileRef = 1F34411B28E6D778006E32AD /* Main.storyboard */; };
		1F34411F28E6D779006E32AD /* Assets.xcassets in Resources */ = {isa = PBXBuildFile; fileRef = 1F34411E28E6D779006E32AD /* Assets.xcassets */; };
		1F34412D28E6D779006E32AD /* food_projectTests.swift in Sources */ = {isa = PBXBuildFile; fileRef = 1F34412C28E6D779006E32AD /* food_projectTests.swift */; };
		1F34413728E6D779006E32AD /* food_projectUITests.swift in Sources */ = {isa = PBXBuildFile; fileRef = 1F34413628E6D779006E32AD /* food_projectUITests.swift */; };
		1F34413928E6D779006E32AD /* food_projectUITestsLaunchTests.swift in Sources */ = {isa = PBXBuildFile; fileRef = 1F34413828E6D779006E32AD /* food_projectUITestsLaunchTests.swift */; };
		1F34414A28E6E7D0006E32AD /* HomeController.swift in Sources */ = {isa = PBXBuildFile; fileRef = 1F34414928E6E7D0006E32AD /* HomeController.swift */; };
		1F34414C28E6EE09006E32AD /* FoodApi.swift in Sources */ = {isa = PBXBuildFile; fileRef = 1F34414B28E6EE09006E32AD /* FoodApi.swift */; };
		1F34414E28E6F262006E32AD /* Food.swift in Sources */ = {isa = PBXBuildFile; fileRef = 1F34414D28E6F262006E32AD /* Food.swift */; };
		1F8260A628F0026E0045A6F0 /* hamburger.jpg in Resources */ = {isa = PBXBuildFile; fileRef = 1F8260A528F0026E0045A6F0 /* hamburger.jpg */; };
		1F8260A828F011F10045A6F0 /* loop.png in Resources */ = {isa = PBXBuildFile; fileRef = 1F8260A728F011F10045A6F0 /* loop.png */; };
		1F8260AA28F01C090045A6F0 /* logo.png in Resources */ = {isa = PBXBuildFile; fileRef = 1F8260A928F01C090045A6F0 /* logo.png */; };
		1F8260B228F023A20045A6F0 /* LaunchScreen.storyboard in Resources */ = {isa = PBXBuildFile; fileRef = 1F8260B128F023A20045A6F0 /* LaunchScreen.storyboard */; };
		1F8260B428F02DDF0045A6F0 /* RandomFoodController.swift in Sources */ = {isa = PBXBuildFile; fileRef = 1F8260B328F02DDF0045A6F0 /* RandomFoodController.swift */; };
		1FA10C5A28F055110047404F /* chickens.png in Resources */ = {isa = PBXBuildFile; fileRef = 1FA10C5928F055110047404F /* chickens.png */; };
		1FB39BF728E714BF00E3AFD1 /* ListviewController.swift in Sources */ = {isa = PBXBuildFile; fileRef = 1FB39BF628E714BF00E3AFD1 /* ListviewController.swift */; };
		1FCDAAAE28E819B600758C5F /* DescriptionviewController.swift in Sources */ = {isa = PBXBuildFile; fileRef = 1FCDAAAD28E819B600758C5F /* DescriptionviewController.swift */; };
		1FDC385E28EF286100F891DD /* food-2.jpeg in Resources */ = {isa = PBXBuildFile; fileRef = 1FDC385D28EF286100F891DD /* food-2.jpeg */; };
		1FDC386028EF2AE400F891DD /* food-3.jpeg in Resources */ = {isa = PBXBuildFile; fileRef = 1FDC385F28EF2AE400F891DD /* food-3.jpeg */; };
		58A8778F19683DA8F30CCC4B /* Pods_food_project.framework in Frameworks */ = {isa = PBXBuildFile; fileRef = D2711644DCAE3C18DBD01DC7 /* Pods_food_project.framework */; };
		82CE43E473178216424C3CD9 /* Pods_food_projectTests.framework in Frameworks */ = {isa = PBXBuildFile; fileRef = C8DC5898185640E1607CA845 /* Pods_food_projectTests.framework */; };
		B0825A8E93776E361F5CB67F /* Pods_food_project_food_projectUITests.framework in Frameworks */ = {isa = PBXBuildFile; fileRef = 57AA6CED022FFA4735169ED3 /* Pods_food_project_food_projectUITests.framework */; };
/* End PBXBuildFile section */

/* Begin PBXContainerItemProxy section */
		1F34412928E6D779006E32AD /* PBXContainerItemProxy */ = {
			isa = PBXContainerItemProxy;
			containerPortal = 1F34410A28E6D778006E32AD /* Project object */;
			proxyType = 1;
			remoteGlobalIDString = 1F34411128E6D778006E32AD;
			remoteInfo = food_project;
		};
		1F34413328E6D779006E32AD /* PBXContainerItemProxy */ = {
			isa = PBXContainerItemProxy;
			containerPortal = 1F34410A28E6D778006E32AD /* Project object */;
			proxyType = 1;
			remoteGlobalIDString = 1F34411128E6D778006E32AD;
			remoteInfo = food_project;
		};
/* End PBXContainerItemProxy section */

/* Begin PBXFileReference section */
		07CE904D46BA47B7227F8DB8 /* Pods-food_project.release.xcconfig */ = {isa = PBXFileReference; includeInIndex = 1; lastKnownFileType = text.xcconfig; name = "Pods-food_project.release.xcconfig"; path = "Target Support Files/Pods-food_project/Pods-food_project.release.xcconfig"; sourceTree = "<group>"; };
		1D95DE76AA1F31D28387B64F /* Pods-food_project.debug.xcconfig */ = {isa = PBXFileReference; includeInIndex = 1; lastKnownFileType = text.xcconfig; name = "Pods-food_project.debug.xcconfig"; path = "Target Support Files/Pods-food_project/Pods-food_project.debug.xcconfig"; sourceTree = "<group>"; };
		1F34411228E6D778006E32AD /* food_project.app */ = {isa = PBXFileReference; explicitFileType = wrapper.application; includeInIndex = 0; path = food_project.app; sourceTree = BUILT_PRODUCTS_DIR; };
		1F34411528E6D778006E32AD /* AppDelegate.swift */ = {isa = PBXFileReference; lastKnownFileType = sourcecode.swift; path = AppDelegate.swift; sourceTree = "<group>"; };
		1F34411728E6D778006E32AD /* SceneDelegate.swift */ = {isa = PBXFileReference; lastKnownFileType = sourcecode.swift; path = SceneDelegate.swift; sourceTree = "<group>"; };
		1F34411928E6D778006E32AD /* ViewController.swift */ = {isa = PBXFileReference; lastKnownFileType = sourcecode.swift; path = ViewController.swift; sourceTree = "<group>"; };
		1F34411C28E6D778006E32AD /* Base */ = {isa = PBXFileReference; lastKnownFileType = file.storyboard; name = Base; path = Base.lproj/Main.storyboard; sourceTree = "<group>"; };
		1F34411E28E6D779006E32AD /* Assets.xcassets */ = {isa = PBXFileReference; lastKnownFileType = folder.assetcatalog; path = Assets.xcassets; sourceTree = "<group>"; };
		1F34412328E6D779006E32AD /* Info.plist */ = {isa = PBXFileReference; lastKnownFileType = text.plist.xml; path = Info.plist; sourceTree = "<group>"; };
		1F34412828E6D779006E32AD /* food_projectTests.xctest */ = {isa = PBXFileReference; explicitFileType = wrapper.cfbundle; includeInIndex = 0; path = food_projectTests.xctest; sourceTree = BUILT_PRODUCTS_DIR; };
		1F34412C28E6D779006E32AD /* food_projectTests.swift */ = {isa = PBXFileReference; lastKnownFileType = sourcecode.swift; path = food_projectTests.swift; sourceTree = "<group>"; };
		1F34413228E6D779006E32AD /* food_projectUITests.xctest */ = {isa = PBXFileReference; explicitFileType = wrapper.cfbundle; includeInIndex = 0; path = food_projectUITests.xctest; sourceTree = BUILT_PRODUCTS_DIR; };
		1F34413628E6D779006E32AD /* food_projectUITests.swift */ = {isa = PBXFileReference; lastKnownFileType = sourcecode.swift; path = food_projectUITests.swift; sourceTree = "<group>"; };
		1F34413828E6D779006E32AD /* food_projectUITestsLaunchTests.swift */ = {isa = PBXFileReference; lastKnownFileType = sourcecode.swift; path = food_projectUITestsLaunchTests.swift; sourceTree = "<group>"; };
		1F34414928E6E7D0006E32AD /* HomeController.swift */ = {isa = PBXFileReference; lastKnownFileType = sourcecode.swift; path = HomeController.swift; sourceTree = "<group>"; };
		1F34414B28E6EE09006E32AD /* FoodApi.swift */ = {isa = PBXFileReference; lastKnownFileType = sourcecode.swift; path = FoodApi.swift; sourceTree = "<group>"; };
		1F34414D28E6F262006E32AD /* Food.swift */ = {isa = PBXFileReference; lastKnownFileType = sourcecode.swift; path = Food.swift; sourceTree = "<group>"; };
		1F8260A528F0026E0045A6F0 /* hamburger.jpg */ = {isa = PBXFileReference; lastKnownFileType = image.jpeg; name = hamburger.jpg; path = ../../../Downloads/hamburger.jpg; sourceTree = "<group>"; };
		1F8260A728F011F10045A6F0 /* loop.png */ = {isa = PBXFileReference; lastKnownFileType = image.png; name = loop.png; path = ../../../Downloads/loop.png; sourceTree = "<group>"; };
		1F8260A928F01C090045A6F0 /* logo.png */ = {isa = PBXFileReference; lastKnownFileType = image.png; name = logo.png; path = ../../../Desktop/logo.png; sourceTree = "<group>"; };
		1F8260B128F023A20045A6F0 /* LaunchScreen.storyboard */ = {isa = PBXFileReference; lastKnownFileType = file.storyboard; path = LaunchScreen.storyboard; sourceTree = "<group>"; };
		1F8260B328F02DDF0045A6F0 /* RandomFoodController.swift */ = {isa = PBXFileReference; lastKnownFileType = sourcecode.swift; path = RandomFoodController.swift; sourceTree = "<group>"; };
		1FA10C5928F055110047404F /* chickens.png */ = {isa = PBXFileReference; lastKnownFileType = image.png; name = chickens.png; path = ../../../Downloads/chickens.png; sourceTree = "<group>"; };
		1FB39BF628E714BF00E3AFD1 /* ListviewController.swift */ = {isa = PBXFileReference; lastKnownFileType = sourcecode.swift; path = ListviewController.swift; sourceTree = "<group>"; };
		1FCDAAAD28E819B600758C5F /* DescriptionviewController.swift */ = {isa = PBXFileReference; lastKnownFileType = sourcecode.swift; path = DescriptionviewController.swift; sourceTree = "<group>"; };
		1FDC385C28EF285C00F891DD /* food-1.jpeg */ = {isa = PBXFileReference; lastKnownFileType = image.jpeg; name = "food-1.jpeg"; path = "../food-1.jpeg"; sourceTree = "<group>"; };
		1FDC385D28EF286100F891DD /* food-2.jpeg */ = {isa = PBXFileReference; lastKnownFileType = image.jpeg; name = "food-2.jpeg"; path = "../../../Downloads/food-2.jpeg"; sourceTree = "<group>"; };
		1FDC385F28EF2AE400F891DD /* food-3.jpeg */ = {isa = PBXFileReference; lastKnownFileType = image.jpeg; name = "food-3.jpeg"; path = "../../../Downloads/food-3.jpeg"; sourceTree = "<group>"; };
		250EB28A42ADE19BCC8C4493 /* Pods-food_projectTests.debug.xcconfig */ = {isa = PBXFileReference; includeInIndex = 1; lastKnownFileType = text.xcconfig; name = "Pods-food_projectTests.debug.xcconfig"; path = "Target Support Files/Pods-food_projectTests/Pods-food_projectTests.debug.xcconfig"; sourceTree = "<group>"; };
		5095FE7A664FDFDE0BD66FCB /* Pods-food_project-food_projectUITests.debug.xcconfig */ = {isa = PBXFileReference; includeInIndex = 1; lastKnownFileType = text.xcconfig; name = "Pods-food_project-food_projectUITests.debug.xcconfig"; path = "Target Support Files/Pods-food_project-food_projectUITests/Pods-food_project-food_projectUITests.debug.xcconfig"; sourceTree = "<group>"; };
		57AA6CED022FFA4735169ED3 /* Pods_food_project_food_projectUITests.framework */ = {isa = PBXFileReference; explicitFileType = wrapper.framework; includeInIndex = 0; path = Pods_food_project_food_projectUITests.framework; sourceTree = BUILT_PRODUCTS_DIR; };
		7097D3EC1176B84DC7B75D18 /* Pods-food_projectTests.release.xcconfig */ = {isa = PBXFileReference; includeInIndex = 1; lastKnownFileType = text.xcconfig; name = "Pods-food_projectTests.release.xcconfig"; path = "Target Support Files/Pods-food_projectTests/Pods-food_projectTests.release.xcconfig"; sourceTree = "<group>"; };
		8CD1214E092611B61640D1D3 /* Pods-food_project-food_projectUITests.release.xcconfig */ = {isa = PBXFileReference; includeInIndex = 1; lastKnownFileType = text.xcconfig; name = "Pods-food_project-food_projectUITests.release.xcconfig"; path = "Target Support Files/Pods-food_project-food_projectUITests/Pods-food_project-food_projectUITests.release.xcconfig"; sourceTree = "<group>"; };
		C8DC5898185640E1607CA845 /* Pods_food_projectTests.framework */ = {isa = PBXFileReference; explicitFileType = wrapper.framework; includeInIndex = 0; path = Pods_food_projectTests.framework; sourceTree = BUILT_PRODUCTS_DIR; };
		D2711644DCAE3C18DBD01DC7 /* Pods_food_project.framework */ = {isa = PBXFileReference; explicitFileType = wrapper.framework; includeInIndex = 0; path = Pods_food_project.framework; sourceTree = BUILT_PRODUCTS_DIR; };
/* End PBXFileReference section */

/* Begin PBXFrameworksBuildPhase section */
		1F34410F28E6D778006E32AD /* Frameworks */ = {
			isa = PBXFrameworksBuildPhase;
			buildActionMask = 2147483647;
			files = (
				58A8778F19683DA8F30CCC4B /* Pods_food_project.framework in Frameworks */,
			);
			runOnlyForDeploymentPostprocessing = 0;
		};
		1F34412528E6D779006E32AD /* Frameworks */ = {
			isa = PBXFrameworksBuildPhase;
			buildActionMask = 2147483647;
			files = (
				82CE43E473178216424C3CD9 /* Pods_food_projectTests.framework in Frameworks */,
			);
			runOnlyForDeploymentPostprocessing = 0;
		};
		1F34412F28E6D779006E32AD /* Frameworks */ = {
			isa = PBXFrameworksBuildPhase;
			buildActionMask = 2147483647;
			files = (
				B0825A8E93776E361F5CB67F /* Pods_food_project_food_projectUITests.framework in Frameworks */,
			);
			runOnlyForDeploymentPostprocessing = 0;
		};
/* End PBXFrameworksBuildPhase section */

/* Begin PBXGroup section */
		1F34410928E6D778006E32AD = {
			isa = PBXGroup;
			children = (
				1F34411428E6D778006E32AD /* food_project */,
				1F34412B28E6D779006E32AD /* food_projectTests */,
				1F34413528E6D779006E32AD /* food_projectUITests */,
				1F34411328E6D778006E32AD /* Products */,
				4F86CDED5200228C12B6F970 /* Pods */,
				56E34B2B27588EB247F2BA62 /* Frameworks */,
			);
			sourceTree = "<group>";
		};
		1F34411328E6D778006E32AD /* Products */ = {
			isa = PBXGroup;
			children = (
				1F34411228E6D778006E32AD /* food_project.app */,
				1F34412828E6D779006E32AD /* food_projectTests.xctest */,
				1F34413228E6D779006E32AD /* food_projectUITests.xctest */,
			);
			name = Products;
			sourceTree = "<group>";
		};
		1F34411428E6D778006E32AD /* food_project */ = {
			isa = PBXGroup;
			children = (
				1F8260A928F01C090045A6F0 /* logo.png */,
				1F8260A728F011F10045A6F0 /* loop.png */,
				1F8260A528F0026E0045A6F0 /* hamburger.jpg */,
				1FDC385F28EF2AE400F891DD /* food-3.jpeg */,
				1FDC385D28EF286100F891DD /* food-2.jpeg */,
				1FDC385C28EF285C00F891DD /* food-1.jpeg */,
				1FA10C5928F055110047404F /* chickens.png */,
				1F34414828E6D836006E32AD /* View */,
				1F34414728E6D82E006E32AD /* Controller */,
				1F34414628E6D828006E32AD /* Model */,
				1F34414528E6D822006E32AD /* Api */,
				1F34411528E6D778006E32AD /* AppDelegate.swift */,
				1F34411728E6D778006E32AD /* SceneDelegate.swift */,
				1F34411E28E6D779006E32AD /* Assets.xcassets */,
				1F34412328E6D779006E32AD /* Info.plist */,
			);
			path = food_project;
			sourceTree = "<group>";
		};
		1F34412B28E6D779006E32AD /* food_projectTests */ = {
			isa = PBXGroup;
			children = (
				1F34412C28E6D779006E32AD /* food_projectTests.swift */,
			);
			path = food_projectTests;
			sourceTree = "<group>";
		};
		1F34413528E6D779006E32AD /* food_projectUITests */ = {
			isa = PBXGroup;
			children = (
				1F34413628E6D779006E32AD /* food_projectUITests.swift */,
				1F34413828E6D779006E32AD /* food_projectUITestsLaunchTests.swift */,
			);
			path = food_projectUITests;
			sourceTree = "<group>";
		};
		1F34414528E6D822006E32AD /* Api */ = {
			isa = PBXGroup;
			children = (
				1F34414B28E6EE09006E32AD /* FoodApi.swift */,
			);
			path = Api;
			sourceTree = "<group>";
		};
		1F34414628E6D828006E32AD /* Model */ = {
			isa = PBXGroup;
			children = (
				1F34414D28E6F262006E32AD /* Food.swift */,
			);
			path = Model;
			sourceTree = "<group>";
		};
		1F34414728E6D82E006E32AD /* Controller */ = {
			isa = PBXGroup;
			children = (
				1F34411928E6D778006E32AD /* ViewController.swift */,
				1F34414928E6E7D0006E32AD /* HomeController.swift */,
				1FB39BF628E714BF00E3AFD1 /* ListviewController.swift */,
				1FCDAAAD28E819B600758C5F /* DescriptionviewController.swift */,
				1F8260B328F02DDF0045A6F0 /* RandomFoodController.swift */,
			);
			path = Controller;
			sourceTree = "<group>";
		};
		1F34414828E6D836006E32AD /* View */ = {
			isa = PBXGroup;
			children = (
				1F34411B28E6D778006E32AD /* Main.storyboard */,
				1F8260B128F023A20045A6F0 /* LaunchScreen.storyboard */,
			);
			path = View;
			sourceTree = "<group>";
		};
		4F86CDED5200228C12B6F970 /* Pods */ = {
			isa = PBXGroup;
			children = (
				1D95DE76AA1F31D28387B64F /* Pods-food_project.debug.xcconfig */,
				07CE904D46BA47B7227F8DB8 /* Pods-food_project.release.xcconfig */,
				5095FE7A664FDFDE0BD66FCB /* Pods-food_project-food_projectUITests.debug.xcconfig */,
				8CD1214E092611B61640D1D3 /* Pods-food_project-food_projectUITests.release.xcconfig */,
				250EB28A42ADE19BCC8C4493 /* Pods-food_projectTests.debug.xcconfig */,
				7097D3EC1176B84DC7B75D18 /* Pods-food_projectTests.release.xcconfig */,
			);
			path = Pods;
			sourceTree = "<group>";
		};
		56E34B2B27588EB247F2BA62 /* Frameworks */ = {
			isa = PBXGroup;
			children = (
				D2711644DCAE3C18DBD01DC7 /* Pods_food_project.framework */,
				57AA6CED022FFA4735169ED3 /* Pods_food_project_food_projectUITests.framework */,
				C8DC5898185640E1607CA845 /* Pods_food_projectTests.framework */,
			);
			name = Frameworks;
			sourceTree = "<group>";
		};
/* End PBXGroup section */

/* Begin PBXNativeTarget section */
		1F34411128E6D778006E32AD /* food_project */ = {
			isa = PBXNativeTarget;
			buildConfigurationList = 1F34413C28E6D779006E32AD /* Build configuration list for PBXNativeTarget "food_project" */;
			buildPhases = (
				EF01ABEC59FA6343CFCC7466 /* [CP] Check Pods Manifest.lock */,
				1F34410E28E6D778006E32AD /* Sources */,
				1F34410F28E6D778006E32AD /* Frameworks */,
				1F34411028E6D778006E32AD /* Resources */,
				C54EE941DCBA8DC3EB5F1EA5 /* [CP] Embed Pods Frameworks */,
			);
			buildRules = (
			);
			dependencies = (
			);
			name = food_project;
			productName = food_project;
			productReference = 1F34411228E6D778006E32AD /* food_project.app */;
			productType = "com.apple.product-type.application";
		};
		1F34412728E6D779006E32AD /* food_projectTests */ = {
			isa = PBXNativeTarget;
			buildConfigurationList = 1F34413F28E6D779006E32AD /* Build configuration list for PBXNativeTarget "food_projectTests" */;
			buildPhases = (
				7E65480A48D8B910C0E004E1 /* [CP] Check Pods Manifest.lock */,
				1F34412428E6D779006E32AD /* Sources */,
				1F34412528E6D779006E32AD /* Frameworks */,
				1F34412628E6D779006E32AD /* Resources */,
			);
			buildRules = (
			);
			dependencies = (
				1F34412A28E6D779006E32AD /* PBXTargetDependency */,
			);
			name = food_projectTests;
			productName = food_projectTests;
			productReference = 1F34412828E6D779006E32AD /* food_projectTests.xctest */;
			productType = "com.apple.product-type.bundle.unit-test";
		};
		1F34413128E6D779006E32AD /* food_projectUITests */ = {
			isa = PBXNativeTarget;
			buildConfigurationList = 1F34414228E6D779006E32AD /* Build configuration list for PBXNativeTarget "food_projectUITests" */;
			buildPhases = (
				0825F7D5F42B05897AD7A7AD /* [CP] Check Pods Manifest.lock */,
				1F34412E28E6D779006E32AD /* Sources */,
				1F34412F28E6D779006E32AD /* Frameworks */,
				1F34413028E6D779006E32AD /* Resources */,
				800F3C1C93E130363A81D618 /* [CP] Embed Pods Frameworks */,
			);
			buildRules = (
			);
			dependencies = (
				1F34413428E6D779006E32AD /* PBXTargetDependency */,
			);
			name = food_projectUITests;
			productName = food_projectUITests;
			productReference = 1F34413228E6D779006E32AD /* food_projectUITests.xctest */;
			productType = "com.apple.product-type.bundle.ui-testing";
		};
/* End PBXNativeTarget section */

/* Begin PBXProject section */
		1F34410A28E6D778006E32AD /* Project object */ = {
			isa = PBXProject;
			attributes = {
				BuildIndependentTargetsInParallel = 1;
				LastSwiftUpdateCheck = 1310;
				LastUpgradeCheck = 1310;
				TargetAttributes = {
					1F34411128E6D778006E32AD = {
						CreatedOnToolsVersion = 13.1;
					};
					1F34412728E6D779006E32AD = {
						CreatedOnToolsVersion = 13.1;
						TestTargetID = 1F34411128E6D778006E32AD;
					};
					1F34413128E6D779006E32AD = {
						CreatedOnToolsVersion = 13.1;
						TestTargetID = 1F34411128E6D778006E32AD;
					};
				};
			};
			buildConfigurationList = 1F34410D28E6D778006E32AD /* Build configuration list for PBXProject "food_project" */;
			compatibilityVersion = "Xcode 13.0";
			developmentRegion = en;
			hasScannedForEncodings = 0;
			knownRegions = (
				en,
				Base,
			);
			mainGroup = 1F34410928E6D778006E32AD;
			productRefGroup = 1F34411328E6D778006E32AD /* Products */;
			projectDirPath = "";
			projectRoot = "";
			targets = (
				1F34411128E6D778006E32AD /* food_project */,
				1F34412728E6D779006E32AD /* food_projectTests */,
				1F34413128E6D779006E32AD /* food_projectUITests */,
			);
		};
/* End PBXProject section */

/* Begin PBXResourcesBuildPhase section */
		1F34411028E6D778006E32AD /* Resources */ = {
			isa = PBXResourcesBuildPhase;
			buildActionMask = 2147483647;
			files = (
				1F8260A828F011F10045A6F0 /* loop.png in Resources */,
				1F8260A628F0026E0045A6F0 /* hamburger.jpg in Resources */,
				1F8260B228F023A20045A6F0 /* LaunchScreen.storyboard in Resources */,
				1FA10C5A28F055110047404F /* chickens.png in Resources */,
				1F34411F28E6D779006E32AD /* Assets.xcassets in Resources */,
				1F8260AA28F01C090045A6F0 /* logo.png in Resources */,
				1FDC386028EF2AE400F891DD /* food-3.jpeg in Resources */,
				1FDC385E28EF286100F891DD /* food-2.jpeg in Resources */,
				1F34411D28E6D778006E32AD /* Main.storyboard in Resources */,
			);
			runOnlyForDeploymentPostprocessing = 0;
		};
		1F34412628E6D779006E32AD /* Resources */ = {
			isa = PBXResourcesBuildPhase;
			buildActionMask = 2147483647;
			files = (
			);
			runOnlyForDeploymentPostprocessing = 0;
		};
		1F34413028E6D779006E32AD /* Resources */ = {
			isa = PBXResourcesBuildPhase;
			buildActionMask = 2147483647;
			files = (
			);
			runOnlyForDeploymentPostprocessing = 0;
		};
/* End PBXResourcesBuildPhase section */

/* Begin PBXShellScriptBuildPhase section */
		0825F7D5F42B05897AD7A7AD /* [CP] Check Pods Manifest.lock */ = {
			isa = PBXShellScriptBuildPhase;
			buildActionMask = 2147483647;
			files = (
			);
			inputFileListPaths = (
			);
			inputPaths = (
				"${PODS_PODFILE_DIR_PATH}/Podfile.lock",
				"${PODS_ROOT}/Manifest.lock",
			);
			name = "[CP] Check Pods Manifest.lock";
			outputFileListPaths = (
			);
			outputPaths = (
				"$(DERIVED_FILE_DIR)/Pods-food_project-food_projectUITests-checkManifestLockResult.txt",
			);
			runOnlyForDeploymentPostprocessing = 0;
			shellPath = /bin/sh;
			shellScript = "diff \"${PODS_PODFILE_DIR_PATH}/Podfile.lock\" \"${PODS_ROOT}/Manifest.lock\" > /dev/null\nif [ $? != 0 ] ; then\n    # print error to STDERR\n    echo \"error: The sandbox is not in sync with the Podfile.lock. Run 'pod install' or update your CocoaPods installation.\" >&2\n    exit 1\nfi\n# This output is used by Xcode 'outputs' to avoid re-running this script phase.\necho \"SUCCESS\" > \"${SCRIPT_OUTPUT_FILE_0}\"\n";
			showEnvVarsInLog = 0;
		};
		7E65480A48D8B910C0E004E1 /* [CP] Check Pods Manifest.lock */ = {
			isa = PBXShellScriptBuildPhase;
			buildActionMask = 2147483647;
			files = (
			);
			inputFileListPaths = (
			);
			inputPaths = (
				"${PODS_PODFILE_DIR_PATH}/Podfile.lock",
				"${PODS_ROOT}/Manifest.lock",
			);
			name = "[CP] Check Pods Manifest.lock";
			outputFileListPaths = (
			);
			outputPaths = (
				"$(DERIVED_FILE_DIR)/Pods-food_projectTests-checkManifestLockResult.txt",
			);
			runOnlyForDeploymentPostprocessing = 0;
			shellPath = /bin/sh;
			shellScript = "diff \"${PODS_PODFILE_DIR_PATH}/Podfile.lock\" \"${PODS_ROOT}/Manifest.lock\" > /dev/null\nif [ $? != 0 ] ; then\n    # print error to STDERR\n    echo \"error: The sandbox is not in sync with the Podfile.lock. Run 'pod install' or update your CocoaPods installation.\" >&2\n    exit 1\nfi\n# This output is used by Xcode 'outputs' to avoid re-running this script phase.\necho \"SUCCESS\" > \"${SCRIPT_OUTPUT_FILE_0}\"\n";
			showEnvVarsInLog = 0;
		};
		800F3C1C93E130363A81D618 /* [CP] Embed Pods Frameworks */ = {
			isa = PBXShellScriptBuildPhase;
			buildActionMask = 2147483647;
			files = (
			);
			inputFileListPaths = (
				"${PODS_ROOT}/Target Support Files/Pods-food_project-food_projectUITests/Pods-food_project-food_projectUITests-frameworks-${CONFIGURATION}-input-files.xcfilelist",
			);
			name = "[CP] Embed Pods Frameworks";
			outputFileListPaths = (
				"${PODS_ROOT}/Target Support Files/Pods-food_project-food_projectUITests/Pods-food_project-food_projectUITests-frameworks-${CONFIGURATION}-output-files.xcfilelist",
			);
			runOnlyForDeploymentPostprocessing = 0;
			shellPath = /bin/sh;
			shellScript = "\"${PODS_ROOT}/Target Support Files/Pods-food_project-food_projectUITests/Pods-food_project-food_projectUITests-frameworks.sh\"\n";
			showEnvVarsInLog = 0;
		};
		C54EE941DCBA8DC3EB5F1EA5 /* [CP] Embed Pods Frameworks */ = {
			isa = PBXShellScriptBuildPhase;
			buildActionMask = 2147483647;
			files = (
			);
			inputFileListPaths = (
				"${PODS_ROOT}/Target Support Files/Pods-food_project/Pods-food_project-frameworks-${CONFIGURATION}-input-files.xcfilelist",
			);
			name = "[CP] Embed Pods Frameworks";
			outputFileListPaths = (
				"${PODS_ROOT}/Target Support Files/Pods-food_project/Pods-food_project-frameworks-${CONFIGURATION}-output-files.xcfilelist",
			);
			runOnlyForDeploymentPostprocessing = 0;
			shellPath = /bin/sh;
			shellScript = "\"${PODS_ROOT}/Target Support Files/Pods-food_project/Pods-food_project-frameworks.sh\"\n";
			showEnvVarsInLog = 0;
		};
		EF01ABEC59FA6343CFCC7466 /* [CP] Check Pods Manifest.lock */ = {
			isa = PBXShellScriptBuildPhase;
			buildActionMask = 2147483647;
			files = (
			);
			inputFileListPaths = (
			);
			inputPaths = (
				"${PODS_PODFILE_DIR_PATH}/Podfile.lock",
				"${PODS_ROOT}/Manifest.lock",
			);
			name = "[CP] Check Pods Manifest.lock";
			outputFileListPaths = (
			);
			outputPaths = (
				"$(DERIVED_FILE_DIR)/Pods-food_project-checkManifestLockResult.txt",
			);
			runOnlyForDeploymentPostprocessing = 0;
			shellPath = /bin/sh;
			shellScript = "diff \"${PODS_PODFILE_DIR_PATH}/Podfile.lock\" \"${PODS_ROOT}/Manifest.lock\" > /dev/null\nif [ $? != 0 ] ; then\n    # print error to STDERR\n    echo \"error: The sandbox is not in sync with the Podfile.lock. Run 'pod install' or update your CocoaPods installation.\" >&2\n    exit 1\nfi\n# This output is used by Xcode 'outputs' to avoid re-running this script phase.\necho \"SUCCESS\" > \"${SCRIPT_OUTPUT_FILE_0}\"\n";
			showEnvVarsInLog = 0;
		};
/* End PBXShellScriptBuildPhase section */

/* Begin PBXSourcesBuildPhase section */
		1F34410E28E6D778006E32AD /* Sources */ = {
			isa = PBXSourcesBuildPhase;
			buildActionMask = 2147483647;
			files = (
				1F34414A28E6E7D0006E32AD /* HomeController.swift in Sources */,
				1F34414C28E6EE09006E32AD /* FoodApi.swift in Sources */,
				1FB39BF728E714BF00E3AFD1 /* ListviewController.swift in Sources */,
				1F8260B428F02DDF0045A6F0 /* RandomFoodController.swift in Sources */,
				1F34411A28E6D778006E32AD /* ViewController.swift in Sources */,
				1F34411628E6D778006E32AD /* AppDelegate.swift in Sources */,
				1FCDAAAE28E819B600758C5F /* DescriptionviewController.swift in Sources */,
				1F34411828E6D778006E32AD /* SceneDelegate.swift in Sources */,
				1F34414E28E6F262006E32AD /* Food.swift in Sources */,
			);
			runOnlyForDeploymentPostprocessing = 0;
		};
		1F34412428E6D779006E32AD /* Sources */ = {
			isa = PBXSourcesBuildPhase;
			buildActionMask = 2147483647;
			files = (
				1F34412D28E6D779006E32AD /* food_projectTests.swift in Sources */,
			);
			runOnlyForDeploymentPostprocessing = 0;
		};
		1F34412E28E6D779006E32AD /* Sources */ = {
			isa = PBXSourcesBuildPhase;
			buildActionMask = 2147483647;
			files = (
				1F34413928E6D779006E32AD /* food_projectUITestsLaunchTests.swift in Sources */,
				1F34413728E6D779006E32AD /* food_projectUITests.swift in Sources */,
			);
			runOnlyForDeploymentPostprocessing = 0;
		};
/* End PBXSourcesBuildPhase section */

/* Begin PBXTargetDependency section */
		1F34412A28E6D779006E32AD /* PBXTargetDependency */ = {
			isa = PBXTargetDependency;
			target = 1F34411128E6D778006E32AD /* food_project */;
			targetProxy = 1F34412928E6D779006E32AD /* PBXContainerItemProxy */;
		};
		1F34413428E6D779006E32AD /* PBXTargetDependency */ = {
			isa = PBXTargetDependency;
			target = 1F34411128E6D778006E32AD /* food_project */;
			targetProxy = 1F34413328E6D779006E32AD /* PBXContainerItemProxy */;
		};
/* End PBXTargetDependency section */

/* Begin PBXVariantGroup section */
		1F34411B28E6D778006E32AD /* Main.storyboard */ = {
			isa = PBXVariantGroup;
			children = (
				1F34411C28E6D778006E32AD /* Base */,
			);
			name = Main.storyboard;
			sourceTree = "<group>";
		};
/* End PBXVariantGroup section */

/* Begin XCBuildConfiguration section */
		1F34413A28E6D779006E32AD /* Debug */ = {
			isa = XCBuildConfiguration;
			buildSettings = {
				ALWAYS_SEARCH_USER_PATHS = NO;
				CLANG_ANALYZER_NONNULL = YES;
				CLANG_ANALYZER_NUMBER_OBJECT_CONVERSION = YES_AGGRESSIVE;
				CLANG_CXX_LANGUAGE_STANDARD = "gnu++17";
				CLANG_CXX_LIBRARY = "libc++";
				CLANG_ENABLE_MODULES = YES;
				CLANG_ENABLE_OBJC_ARC = YES;
				CLANG_ENABLE_OBJC_WEAK = YES;
				CLANG_WARN_BLOCK_CAPTURE_AUTORELEASING = YES;
				CLANG_WARN_BOOL_CONVERSION = YES;
				CLANG_WARN_COMMA = YES;
				CLANG_WARN_CONSTANT_CONVERSION = YES;
				CLANG_WARN_DEPRECATED_OBJC_IMPLEMENTATIONS = YES;
				CLANG_WARN_DIRECT_OBJC_ISA_USAGE = YES_ERROR;
				CLANG_WARN_DOCUMENTATION_COMMENTS = YES;
				CLANG_WARN_EMPTY_BODY = YES;
				CLANG_WARN_ENUM_CONVERSION = YES;
				CLANG_WARN_INFINITE_RECURSION = YES;
				CLANG_WARN_INT_CONVERSION = YES;
				CLANG_WARN_NON_LITERAL_NULL_CONVERSION = YES;
				CLANG_WARN_OBJC_IMPLICIT_RETAIN_SELF = YES;
				CLANG_WARN_OBJC_LITERAL_CONVERSION = YES;
				CLANG_WARN_OBJC_ROOT_CLASS = YES_ERROR;
				CLANG_WARN_QUOTED_INCLUDE_IN_FRAMEWORK_HEADER = YES;
				CLANG_WARN_RANGE_LOOP_ANALYSIS = YES;
				CLANG_WARN_STRICT_PROTOTYPES = YES;
				CLANG_WARN_SUSPICIOUS_MOVE = YES;
				CLANG_WARN_UNGUARDED_AVAILABILITY = YES_AGGRESSIVE;
				CLANG_WARN_UNREACHABLE_CODE = YES;
				CLANG_WARN__DUPLICATE_METHOD_MATCH = YES;
				COPY_PHASE_STRIP = NO;
				DEBUG_INFORMATION_FORMAT = dwarf;
				ENABLE_STRICT_OBJC_MSGSEND = YES;
				ENABLE_TESTABILITY = YES;
				GCC_C_LANGUAGE_STANDARD = gnu11;
				GCC_DYNAMIC_NO_PIC = NO;
				GCC_NO_COMMON_BLOCKS = YES;
				GCC_OPTIMIZATION_LEVEL = 0;
				GCC_PREPROCESSOR_DEFINITIONS = (
					"DEBUG=1",
					"$(inherited)",
				);
				GCC_WARN_64_TO_32_BIT_CONVERSION = YES;
				GCC_WARN_ABOUT_RETURN_TYPE = YES_ERROR;
				GCC_WARN_UNDECLARED_SELECTOR = YES;
				GCC_WARN_UNINITIALIZED_AUTOS = YES_AGGRESSIVE;
				GCC_WARN_UNUSED_FUNCTION = YES;
				GCC_WARN_UNUSED_VARIABLE = YES;
				IPHONEOS_DEPLOYMENT_TARGET = 15.0;
				MTL_ENABLE_DEBUG_INFO = INCLUDE_SOURCE;
				MTL_FAST_MATH = YES;
				ONLY_ACTIVE_ARCH = YES;
				SDKROOT = iphoneos;
				SWIFT_ACTIVE_COMPILATION_CONDITIONS = DEBUG;
				SWIFT_OPTIMIZATION_LEVEL = "-Onone";
			};
			name = Debug;
		};
		1F34413B28E6D779006E32AD /* Release */ = {
			isa = XCBuildConfiguration;
			buildSettings = {
				ALWAYS_SEARCH_USER_PATHS = NO;
				CLANG_ANALYZER_NONNULL = YES;
				CLANG_ANALYZER_NUMBER_OBJECT_CONVERSION = YES_AGGRESSIVE;
				CLANG_CXX_LANGUAGE_STANDARD = "gnu++17";
				CLANG_CXX_LIBRARY = "libc++";
				CLANG_ENABLE_MODULES = YES;
				CLANG_ENABLE_OBJC_ARC = YES;
				CLANG_ENABLE_OBJC_WEAK = YES;
				CLANG_WARN_BLOCK_CAPTURE_AUTORELEASING = YES;
				CLANG_WARN_BOOL_CONVERSION = YES;
				CLANG_WARN_COMMA = YES;
				CLANG_WARN_CONSTANT_CONVERSION = YES;
				CLANG_WARN_DEPRECATED_OBJC_IMPLEMENTATIONS = YES;
				CLANG_WARN_DIRECT_OBJC_ISA_USAGE = YES_ERROR;
				CLANG_WARN_DOCUMENTATION_COMMENTS = YES;
				CLANG_WARN_EMPTY_BODY = YES;
				CLANG_WARN_ENUM_CONVERSION = YES;
				CLANG_WARN_INFINITE_RECURSION = YES;
				CLANG_WARN_INT_CONVERSION = YES;
				CLANG_WARN_NON_LITERAL_NULL_CONVERSION = YES;
				CLANG_WARN_OBJC_IMPLICIT_RETAIN_SELF = YES;
				CLANG_WARN_OBJC_LITERAL_CONVERSION = YES;
				CLANG_WARN_OBJC_ROOT_CLASS = YES_ERROR;
				CLANG_WARN_QUOTED_INCLUDE_IN_FRAMEWORK_HEADER = YES;
				CLANG_WARN_RANGE_LOOP_ANALYSIS = YES;
				CLANG_WARN_STRICT_PROTOTYPES = YES;
				CLANG_WARN_SUSPICIOUS_MOVE = YES;
				CLANG_WARN_UNGUARDED_AVAILABILITY = YES_AGGRESSIVE;
				CLANG_WARN_UNREACHABLE_CODE = YES;
				CLANG_WARN__DUPLICATE_METHOD_MATCH = YES;
				COPY_PHASE_STRIP = NO;
				DEBUG_INFORMATION_FORMAT = "dwarf-with-dsym";
				ENABLE_NS_ASSERTIONS = NO;
				ENABLE_STRICT_OBJC_MSGSEND = YES;
				GCC_C_LANGUAGE_STANDARD = gnu11;
				GCC_NO_COMMON_BLOCKS = YES;
				GCC_WARN_64_TO_32_BIT_CONVERSION = YES;
				GCC_WARN_ABOUT_RETURN_TYPE = YES_ERROR;
				GCC_WARN_UNDECLARED_SELECTOR = YES;
				GCC_WARN_UNINITIALIZED_AUTOS = YES_AGGRESSIVE;
				GCC_WARN_UNUSED_FUNCTION = YES;
				GCC_WARN_UNUSED_VARIABLE = YES;
				IPHONEOS_DEPLOYMENT_TARGET = 15.0;
				MTL_ENABLE_DEBUG_INFO = NO;
				MTL_FAST_MATH = YES;
				SDKROOT = iphoneos;
				SWIFT_COMPILATION_MODE = wholemodule;
				SWIFT_OPTIMIZATION_LEVEL = "-O";
				VALIDATE_PRODUCT = YES;
			};
			name = Release;
		};
		1F34413D28E6D779006E32AD /* Debug */ = {
			isa = XCBuildConfiguration;
			baseConfigurationReference = 1D95DE76AA1F31D28387B64F /* Pods-food_project.debug.xcconfig */;
			buildSettings = {
				ASSETCATALOG_COMPILER_APPICON_NAME = AppIcon;
				ASSETCATALOG_COMPILER_GLOBAL_ACCENT_COLOR_NAME = AccentColor;
				CODE_SIGN_STYLE = Automatic;
				CURRENT_PROJECT_VERSION = 1;
				GENERATE_INFOPLIST_FILE = YES;
				INFOPLIST_FILE = food_project/Info.plist;
				INFOPLIST_KEY_UIApplicationSupportsIndirectInputEvents = YES;
				INFOPLIST_KEY_UILaunchStoryboardName = LaunchScreen;
				INFOPLIST_KEY_UIMainStoryboardFile = Main;
				INFOPLIST_KEY_UISupportedInterfaceOrientations_iPad = "UIInterfaceOrientationPortrait UIInterfaceOrientationPortraitUpsideDown UIInterfaceOrientationLandscapeLeft UIInterfaceOrientationLandscapeRight";
				INFOPLIST_KEY_UISupportedInterfaceOrientations_iPhone = "UIInterfaceOrientationPortrait UIInterfaceOrientationLandscapeLeft UIInterfaceOrientationLandscapeRight";
				LD_RUNPATH_SEARCH_PATHS = (
					"$(inherited)",
					"@executable_path/Frameworks",
				);
				MARKETING_VERSION = 1.0;
				PRODUCT_BUNDLE_IDENTIFIER = "com.iutsd.food-project";
				PRODUCT_NAME = "$(TARGET_NAME)";
				SWIFT_EMIT_LOC_STRINGS = YES;
				SWIFT_VERSION = 5.0;
				TARGETED_DEVICE_FAMILY = "1,2";
			};
			name = Debug;
		};
		1F34413E28E6D779006E32AD /* Release */ = {
			isa = XCBuildConfiguration;
			baseConfigurationReference = 07CE904D46BA47B7227F8DB8 /* Pods-food_project.release.xcconfig */;
			buildSettings = {
				ASSETCATALOG_COMPILER_APPICON_NAME = AppIcon;
				ASSETCATALOG_COMPILER_GLOBAL_ACCENT_COLOR_NAME = AccentColor;
				CODE_SIGN_STYLE = Automatic;
				CURRENT_PROJECT_VERSION = 1;
				GENERATE_INFOPLIST_FILE = YES;
				INFOPLIST_FILE = food_project/Info.plist;
				INFOPLIST_KEY_UIApplicationSupportsIndirectInputEvents = YES;
				INFOPLIST_KEY_UILaunchStoryboardName = LaunchScreen;
				INFOPLIST_KEY_UIMainStoryboardFile = Main;
				INFOPLIST_KEY_UISupportedInterfaceOrientations_iPad = "UIInterfaceOrientationPortrait UIInterfaceOrientationPortraitUpsideDown UIInterfaceOrientationLandscapeLeft UIInterfaceOrientationLandscapeRight";
				INFOPLIST_KEY_UISupportedInterfaceOrientations_iPhone = "UIInterfaceOrientationPortrait UIInterfaceOrientationLandscapeLeft UIInterfaceOrientationLandscapeRight";
				LD_RUNPATH_SEARCH_PATHS = (
					"$(inherited)",
					"@executable_path/Frameworks",
				);
				MARKETING_VERSION = 1.0;
				PRODUCT_BUNDLE_IDENTIFIER = "com.iutsd.food-project";
				PRODUCT_NAME = "$(TARGET_NAME)";
				SWIFT_EMIT_LOC_STRINGS = YES;
				SWIFT_VERSION = 5.0;
				TARGETED_DEVICE_FAMILY = "1,2";
			};
			name = Release;
		};
		1F34414028E6D779006E32AD /* Debug */ = {
			isa = XCBuildConfiguration;
			baseConfigurationReference = 250EB28A42ADE19BCC8C4493 /* Pods-food_projectTests.debug.xcconfig */;
			buildSettings = {
				ALWAYS_EMBED_SWIFT_STANDARD_LIBRARIES = YES;
				BUNDLE_LOADER = "$(TEST_HOST)";
				CODE_SIGN_STYLE = Automatic;
				CURRENT_PROJECT_VERSION = 1;
				GENERATE_INFOPLIST_FILE = YES;
				IPHONEOS_DEPLOYMENT_TARGET = 15.0;
				LD_RUNPATH_SEARCH_PATHS = (
					"$(inherited)",
					"@executable_path/Frameworks",
					"@loader_path/Frameworks",
				);
				MARKETING_VERSION = 1.0;
				PRODUCT_BUNDLE_IDENTIFIER = "com.iutsd.food-projectTests";
				PRODUCT_NAME = "$(TARGET_NAME)";
				SWIFT_EMIT_LOC_STRINGS = NO;
				SWIFT_VERSION = 5.0;
				TARGETED_DEVICE_FAMILY = "1,2";
				TEST_HOST = "$(BUILT_PRODUCTS_DIR)/food_project.app/food_project";
			};
			name = Debug;
		};
		1F34414128E6D779006E32AD /* Release */ = {
			isa = XCBuildConfiguration;
			baseConfigurationReference = 7097D3EC1176B84DC7B75D18 /* Pods-food_projectTests.release.xcconfig */;
			buildSettings = {
				ALWAYS_EMBED_SWIFT_STANDARD_LIBRARIES = YES;
				BUNDLE_LOADER = "$(TEST_HOST)";
				CODE_SIGN_STYLE = Automatic;
				CURRENT_PROJECT_VERSION = 1;
				GENERATE_INFOPLIST_FILE = YES;
				IPHONEOS_DEPLOYMENT_TARGET = 15.0;
				LD_RUNPATH_SEARCH_PATHS = (
					"$(inherited)",
					"@executable_path/Frameworks",
					"@loader_path/Frameworks",
				);
				MARKETING_VERSION = 1.0;
				PRODUCT_BUNDLE_IDENTIFIER = "com.iutsd.food-projectTests";
				PRODUCT_NAME = "$(TARGET_NAME)";
				SWIFT_EMIT_LOC_STRINGS = NO;
				SWIFT_VERSION = 5.0;
				TARGETED_DEVICE_FAMILY = "1,2";
				TEST_HOST = "$(BUILT_PRODUCTS_DIR)/food_project.app/food_project";
			};
			name = Release;
		};
		1F34414328E6D779006E32AD /* Debug */ = {
			isa = XCBuildConfiguration;
			baseConfigurationReference = 5095FE7A664FDFDE0BD66FCB /* Pods-food_project-food_projectUITests.debug.xcconfig */;
			buildSettings = {
				ALWAYS_EMBED_SWIFT_STANDARD_LIBRARIES = YES;
				CODE_SIGN_STYLE = Automatic;
				CURRENT_PROJECT_VERSION = 1;
				GENERATE_INFOPLIST_FILE = YES;
				LD_RUNPATH_SEARCH_PATHS = (
					"$(inherited)",
					"@executable_path/Frameworks",
					"@loader_path/Frameworks",
				);
				MARKETING_VERSION = 1.0;
				PRODUCT_BUNDLE_IDENTIFIER = "com.iutsd.food-projectUITests";
				PRODUCT_NAME = "$(TARGET_NAME)";
				SWIFT_EMIT_LOC_STRINGS = NO;
				SWIFT_VERSION = 5.0;
				TARGETED_DEVICE_FAMILY = "1,2";
				TEST_TARGET_NAME = food_project;
			};
			name = Debug;
		};
		1F34414428E6D779006E32AD /* Release */ = {
			isa = XCBuildConfiguration;
			baseConfigurationReference = 8CD1214E092611B61640D1D3 /* Pods-food_project-food_projectUITests.release.xcconfig */;
			buildSettings = {
				ALWAYS_EMBED_SWIFT_STANDARD_LIBRARIES = YES;
				CODE_SIGN_STYLE = Automatic;
				CURRENT_PROJECT_VERSION = 1;
				GENERATE_INFOPLIST_FILE = YES;
				LD_RUNPATH_SEARCH_PATHS = (
					"$(inherited)",
					"@executable_path/Frameworks",
					"@loader_path/Frameworks",
				);
				MARKETING_VERSION = 1.0;
				PRODUCT_BUNDLE_IDENTIFIER = "com.iutsd.food-projectUITests";
				PRODUCT_NAME = "$(TARGET_NAME)";
				SWIFT_EMIT_LOC_STRINGS = NO;
				SWIFT_VERSION = 5.0;
				TARGETED_DEVICE_FAMILY = "1,2";
				TEST_TARGET_NAME = food_project;
			};
			name = Release;
		};
/* End XCBuildConfiguration section */

/* Begin XCConfigurationList section */
		1F34410D28E6D778006E32AD /* Build configuration list for PBXProject "food_project" */ = {
			isa = XCConfigurationList;
			buildConfigurations = (
				1F34413A28E6D779006E32AD /* Debug */,
				1F34413B28E6D779006E32AD /* Release */,
			);
			defaultConfigurationIsVisible = 0;
			defaultConfigurationName = Release;
		};
		1F34413C28E6D779006E32AD /* Build configuration list for PBXNativeTarget "food_project" */ = {
			isa = XCConfigurationList;
			buildConfigurations = (
				1F34413D28E6D779006E32AD /* Debug */,
				1F34413E28E6D779006E32AD /* Release */,
			);
			defaultConfigurationIsVisible = 0;
			defaultConfigurationName = Release;
		};
		1F34413F28E6D779006E32AD /* Build configuration list for PBXNativeTarget "food_projectTests" */ = {
			isa = XCConfigurationList;
			buildConfigurations = (
				1F34414028E6D779006E32AD /* Debug */,
				1F34414128E6D779006E32AD /* Release */,
			);
			defaultConfigurationIsVisible = 0;
			defaultConfigurationName = Release;
		};
		1F34414228E6D779006E32AD /* Build configuration list for PBXNativeTarget "food_projectUITests" */ = {
			isa = XCConfigurationList;
			buildConfigurations = (
				1F34414328E6D779006E32AD /* Debug */,
				1F34414428E6D779006E32AD /* Release */,
			);
			defaultConfigurationIsVisible = 0;
			defaultConfigurationName = Release;
		};
/* End XCConfigurationList section */
	};
	rootObject = 1F34410A28E6D778006E32AD /* Project object */;
}
